version = 1
revision = 2
requires-python = "==3.11.*"

[[package]]
name = "annotated-doc"
version = "0.0.4"
source = { registry = "https://pypi.org/simple" }
sdist = { url = "https://files.pythonhosted.org/packages/57/ba/046ceea27344560984e26a590f90bc7f4a75b06701f653222458922b558c/annotated_doc-0.0.4.tar.gz", hash = "sha256:fbcda96e87e9c92ad167c2e53839e57503ecfda18804ea28102353485033faa4", size = 7288, upload_time = "2025-11-10T22:07:42.062Z" }
wheels = [
    { url = "https://files.pythonhosted.org/packages/1e/d3/26bf1008eb3d2daa8ef4cacc7f3bfdc11818d111f7e2d0201bc6e3b49d45/annotated_doc-0.0.4-py3-none-any.whl", hash = "sha256:571ac1dc6991c450b25a9c2d84a3705e2ae7a53467b5d111c24fa8baabbed320", size = 5303, upload_time = "2025-11-10T22:07:40.673Z" },
]

[[package]]
name = "annotated-types"
version = "0.7.0"
source = { registry = "https://pypi.org/simple" }
sdist = { url = "https://files.pythonhosted.org/packages/ee/67/531ea369ba64dcff5ec9c3402f9f51bf748cec26dde048a2f973a4eea7f5/annotated_types-0.7.0.tar.gz", hash = "sha256:aff07c09a53a08bc8cfccb9c85b05f1aa9a2a6f23728d790723543408344ce89", size = 16081, upload_time = "2024-05-20T21:33:25.928Z" }
wheels = [
    { url = "https://files.pythonhosted.org/packages/78/b6/6307fbef88d9b5ee7421e68d78a9f162e0da4900bc5f5793f6d3d0e34fb8/annotated_types-0.7.0-py3-none-any.whl", hash = "sha256:1f02e8b43a8fbbc3f3e0d4f0f4bfc8131bcb4eebe8849b8e5c773f3a1c582a53", size = 13643, upload_time = "2024-05-20T21:33:24.1Z" },
]

[[package]]
name = "anyio"
version = "4.11.0"
source = { registry = "https://pypi.org/simple" }
dependencies = [
    { name = "idna" },
    { name = "sniffio" },
    { name = "typing-extensions" },
]
sdist = { url = "https://files.pythonhosted.org/packages/c6/78/7d432127c41b50bccba979505f272c16cbcadcc33645d5fa3a738110ae75/anyio-4.11.0.tar.gz", hash = "sha256:82a8d0b81e318cc5ce71a5f1f8b5c4e63619620b63141ef8c995fa0db95a57c4", size = 219094, upload_time = "2025-09-23T09:19:12.58Z" }
wheels = [
    { url = "https://files.pythonhosted.org/packages/15/b3/9b1a8074496371342ec1e796a96f99c82c945a339cd81a8e73de28b4cf9e/anyio-4.11.0-py3-none-any.whl", hash = "sha256:0287e96f4d26d4149305414d4e3bc32f0dcd0862365a4bddea19d7a1ec38c4fc", size = 109097, upload_time = "2025-09-23T09:19:10.601Z" },
]

[[package]]
name = "click"
version = "8.3.0"
source = { registry = "https://pypi.org/simple" }
dependencies = [
    { name = "colorama", marker = "sys_platform == 'win32'" },
]
sdist = { url = "https://files.pythonhosted.org/packages/46/61/de6cd827efad202d7057d93e0fed9294b96952e188f7384832791c7b2254/click-8.3.0.tar.gz", hash = "sha256:e7b8232224eba16f4ebe410c25ced9f7875cb5f3263ffc93cc3e8da705e229c4", size = 276943, upload_time = "2025-09-18T17:32:23.696Z" }
wheels = [
    { url = "https://files.pythonhosted.org/packages/db/d3/9dcc0f5797f070ec8edf30fbadfb200e71d9db6b84d211e3b2085a7589a0/click-8.3.0-py3-none-any.whl", hash = "sha256:9b9f285302c6e3064f4330c05f05b81945b2a39544279343e6e7c5f27a9baddc", size = 107295, upload_time = "2025-09-18T17:32:22.42Z" },
]

[[package]]
name = "colorama"
version = "0.4.6"
source = { registry = "https://pypi.org/simple" }
sdist = { url = "https://files.pythonhosted.org/packages/d8/53/6f443c9a4a8358a93a6792e2acffb9d9d5cb0a5cfd8802644b7b1c9a02e4/colorama-0.4.6.tar.gz", hash = "sha256:08695f5cb7ed6e0531a20572697297273c47b8cae5a63ffc6d6ed5c201be6e44", size = 27697, upload_time = "2022-10-25T02:36:22.414Z" }
wheels = [
    { url = "https://files.pythonhosted.org/packages/d1/d6/3965ed04c63042e047cb6a3e6ed1a63a35087b6a609aa3a15ed8ac56c221/colorama-0.4.6-py2.py3-none-any.whl", hash = "sha256:4f1d9991f5acc0ca119f9d443620b77f9d6b33703e51011c16baf57afb285fc6", size = 25335, upload_time = "2022-10-25T02:36:20.889Z" },
]

[[package]]
name = "drug-target-bioactivity"
version = "0.1.0"
source = { virtual = "." }
dependencies = [
    { name = "fastapi" },
    { name = "joblib" },
    { name = "numpy" },
    { name = "pandas" },
    { name = "rdkit" },
    { name = "scikit-learn" },
    { name = "uvicorn" },
    { name = "xgboost" },
]

[package.metadata]
requires-dist = [
    { name = "fastapi", specifier = "==0.121.1" },
    { name = "joblib", specifier = "==1.5.2" },
    { name = "numpy", specifier = "==1.26.4" },
    { name = "pandas", specifier = "==2.2.3" },
    { name = "rdkit", specifier = "==2025.9.1" },
    { name = "scikit-learn", specifier = "==1.2.2" },
    { name = "uvicorn", specifier = "==0.38.0" },
    { name = "xgboost", specifier = "==2.0.3" },
]

[[package]]
name = "fastapi"
version = "0.121.1"
source = { registry = "https://pypi.org/simple" }
dependencies = [
    { name = "annotated-doc" },
    { name = "pydantic" },
    { name = "starlette" },
    { name = "typing-extensions" },
]
sdist = { url = "https://files.pythonhosted.org/packages/6b/a4/29e1b861fc9017488ed02ff1052feffa40940cb355ed632a8845df84ce84/fastapi-0.121.1.tar.gz", hash = "sha256:b6dba0538fd15dab6fe4d3e5493c3957d8a9e1e9257f56446b5859af66f32441", size = 342523, upload_time = "2025-11-08T21:48:14.068Z" }
wheels = [
    { url = "https://files.pythonhosted.org/packages/94/fd/2e6f7d706899cc08690c5f6641e2ffbfffe019e8f16ce77104caa5730910/fastapi-0.121.1-py3-none-any.whl", hash = "sha256:2c5c7028bc3a58d8f5f09aecd3fd88a000ccc0c5ad627693264181a3c33aa1fc", size = 109192, upload_time = "2025-11-08T21:48:12.458Z" },
]

[[package]]
name = "h11"
version = "0.16.0"
source = { registry = "https://pypi.org/simple" }
sdist = { url = "https://files.pythonhosted.org/packages/01/ee/02a2c011bdab74c6fb3c75474d40b3052059d95df7e73351460c8588d963/h11-0.16.0.tar.gz", hash = "sha256:4e35b956cf45792e4caa5885e69fba00bdbc6ffafbfa020300e549b208ee5ff1", size = 101250, upload_time = "2025-04-24T03:35:25.427Z" }
wheels = [
    { url = "https://files.pythonhosted.org/packages/04/4b/29cac41a4d98d144bf5f6d33995617b185d14b22401f75ca86f384e87ff1/h11-0.16.0-py3-none-any.whl", hash = "sha256:63cf8bbe7522de3bf65932fda1d9c2772064ffb3dae62d55932da54b31cb6c86", size = 37515, upload_time = "2025-04-24T03:35:24.344Z" },
]

[[package]]
name = "idna"
version = "3.11"
source = { registry = "https://pypi.org/simple" }
sdist = { url = "https://files.pythonhosted.org/packages/6f/6d/0703ccc57f3a7233505399edb88de3cbd678da106337b9fcde432b65ed60/idna-3.11.tar.gz", hash = "sha256:795dafcc9c04ed0c1fb032c2aa73654d8e8c5023a7df64a53f39190ada629902", size = 194582, upload_time = "2025-10-12T14:55:20.501Z" }
wheels = [
    { url = "https://files.pythonhosted.org/packages/0e/61/66938bbb5fc52dbdf84594873d5b51fb1f7c7794e9c0f5bd885f30bc507b/idna-3.11-py3-none-any.whl", hash = "sha256:771a87f49d9defaf64091e6e6fe9c18d4833f140bd19464795bc32d966ca37ea", size = 71008, upload_time = "2025-10-12T14:55:18.883Z" },
]

[[package]]
name = "joblib"
version = "1.5.2"
source = { registry = "https://pypi.org/simple" }
sdist = { url = "https://files.pythonhosted.org/packages/e8/5d/447af5ea094b9e4c4054f82e223ada074c552335b9b4b2d14bd9b35a67c4/joblib-1.5.2.tar.gz", hash = "sha256:3faa5c39054b2f03ca547da9b2f52fde67c06240c31853f306aea97f13647b55", size = 331077, upload_time = "2025-08-27T12:15:46.575Z" }
wheels = [
    { url = "https://files.pythonhosted.org/packages/1e/e8/685f47e0d754320684db4425a0967f7d3fa70126bffd76110b7009a0090f/joblib-1.5.2-py3-none-any.whl", hash = "sha256:4e1f0bdbb987e6d843c70cf43714cb276623def372df3c22fe5266b2670bc241", size = 308396, upload_time = "2025-08-27T12:15:45.188Z" },
]

[[package]]
name = "numpy"
version = "1.26.4"
source = { registry = "https://pypi.org/simple" }
sdist = { url = "https://files.pythonhosted.org/packages/65/6e/09db70a523a96d25e115e71cc56a6f9031e7b8cd166c1ac8438307c14058/numpy-1.26.4.tar.gz", hash = "sha256:2a02aba9ed12e4ac4eb3ea9421c420301a0c6460d9830d74a9df87efa4912010", size = 15786129, upload_time = "2024-02-06T00:26:44.495Z" }
wheels = [
    { url = "https://files.pythonhosted.org/packages/11/57/baae43d14fe163fa0e4c47f307b6b2511ab8d7d30177c491960504252053/numpy-1.26.4-cp311-cp311-macosx_10_9_x86_64.whl", hash = "sha256:4c66707fabe114439db9068ee468c26bbdf909cac0fb58686a42a24de1760c71", size = 20630554, upload_time = "2024-02-05T23:51:50.149Z" },
    { url = "https://files.pythonhosted.org/packages/1a/2e/151484f49fd03944c4a3ad9c418ed193cfd02724e138ac8a9505d056c582/numpy-1.26.4-cp311-cp311-macosx_11_0_arm64.whl", hash = "sha256:edd8b5fe47dab091176d21bb6de568acdd906d1887a4584a15a9a96a1dca06ef", size = 13997127, upload_time = "2024-02-05T23:52:15.314Z" },
    { url = "https://files.pythonhosted.org/packages/79/ae/7e5b85136806f9dadf4878bf73cf223fe5c2636818ba3ab1c585d0403164/numpy-1.26.4-cp311-cp311-manylinux_2_17_aarch64.manylinux2014_aarch64.whl", hash = "sha256:7ab55401287bfec946ced39700c053796e7cc0e3acbef09993a9ad2adba6ca6e", size = 14222994, upload_time = "2024-02-05T23:52:47.569Z" },
    { url = "https://files.pythonhosted.org/packages/3a/d0/edc009c27b406c4f9cbc79274d6e46d634d139075492ad055e3d68445925/numpy-1.26.4-cp311-cp311-manylinux_2_17_x86_64.manylinux2014_x86_64.whl", hash = "sha256:666dbfb6ec68962c033a450943ded891bed2d54e6755e35e5835d63f4f6931d5", size = 18252005, upload_time = "2024-02-05T23:53:15.637Z" },
    { url = "https://files.pythonhosted.org/packages/09/bf/2b1aaf8f525f2923ff6cfcf134ae5e750e279ac65ebf386c75a0cf6da06a/numpy-1.26.4-cp311-cp311-musllinux_1_1_aarch64.whl", hash = "sha256:96ff0b2ad353d8f990b63294c8986f1ec3cb19d749234014f4e7eb0112ceba5a", size = 13885297, upload_time = "2024-02-05T23:53:42.16Z" },
    { url = "https://files.pythonhosted.org/packages/df/a0/4e0f14d847cfc2a633a1c8621d00724f3206cfeddeb66d35698c4e2cf3d2/numpy-1.26.4-cp311-cp311-musllinux_1_1_x86_64.whl", hash = "sha256:60dedbb91afcbfdc9bc0b1f3f402804070deed7392c23eb7a7f07fa857868e8a", size = 18093567, upload_time = "2024-02-05T23:54:11.696Z" },
    { url = "https://files.pythonhosted.org/packages/d2/b7/a734c733286e10a7f1a8ad1ae8c90f2d33bf604a96548e0a4a3a6739b468/numpy-1.26.4-cp311-cp311-win32.whl", hash = "sha256:1af303d6b2210eb850fcf03064d364652b7120803a0b872f5211f5234b399f20", size = 5968812, upload_time = "2024-02-05T23:54:26.453Z" },
    { url = "https://files.pythonhosted.org/packages/3f/6b/5610004206cf7f8e7ad91c5a85a8c71b2f2f8051a0c0c4d5916b76d6cbb2/numpy-1.26.4-cp311-cp311-win_amd64.whl", hash = "sha256:cd25bcecc4974d09257ffcd1f098ee778f7834c3ad767fe5db785be9a4aa9cb2", size = 15811913, upload_time = "2024-02-05T23:54:53.933Z" },
]

[[package]]
name = "pandas"
version = "2.2.3"
source = { registry = "https://pypi.org/simple" }
dependencies = [
    { name = "numpy" },
    { name = "python-dateutil" },
    { name = "pytz" },
    { name = "tzdata" },
]
sdist = { url = "https://files.pythonhosted.org/packages/9c/d6/9f8431bacc2e19dca897724cd097b1bb224a6ad5433784a44b587c7c13af/pandas-2.2.3.tar.gz", hash = "sha256:4f18ba62b61d7e192368b84517265a99b4d7ee8912f8708660fb4a366cc82667", size = 4399213, upload_time = "2024-09-20T13:10:04.827Z" }
wheels = [
    { url = "https://files.pythonhosted.org/packages/a8/44/d9502bf0ed197ba9bf1103c9867d5904ddcaf869e52329787fc54ed70cc8/pandas-2.2.3-cp311-cp311-macosx_10_9_x86_64.whl", hash = "sha256:66108071e1b935240e74525006034333f98bcdb87ea116de573a6a0dccb6c039", size = 12602222, upload_time = "2024-09-20T13:08:56.254Z" },
    { url = "https://files.pythonhosted.org/packages/52/11/9eac327a38834f162b8250aab32a6781339c69afe7574368fffe46387edf/pandas-2.2.3-cp311-cp311-macosx_11_0_arm64.whl", hash = "sha256:7c2875855b0ff77b2a64a0365e24455d9990730d6431b9e0ee18ad8acee13dbd", size = 11321274, upload_time = "2024-09-20T13:08:58.645Z" },
    { url = "https://files.pythonhosted.org/packages/45/fb/c4beeb084718598ba19aa9f5abbc8aed8b42f90930da861fcb1acdb54c3a/pandas-2.2.3-cp311-cp311-manylinux2014_aarch64.manylinux_2_17_aarch64.whl", hash = "sha256:cd8d0c3be0515c12fed0bdbae072551c8b54b7192c7b1fda0ba56059a0179698", size = 15579836, upload_time = "2024-09-20T19:01:57.571Z" },
    { url = "https://files.pythonhosted.org/packages/cd/5f/4dba1d39bb9c38d574a9a22548c540177f78ea47b32f99c0ff2ec499fac5/pandas-2.2.3-cp311-cp311-manylinux_2_17_x86_64.manylinux2014_x86_64.whl", hash = "sha256:c124333816c3a9b03fbeef3a9f230ba9a737e9e5bb4060aa2107a86cc0a497fc", size = 13058505, upload_time = "2024-09-20T13:09:01.501Z" },
    { url = "https://files.pythonhosted.org/packages/b9/57/708135b90391995361636634df1f1130d03ba456e95bcf576fada459115a/pandas-2.2.3-cp311-cp311-musllinux_1_2_aarch64.whl", hash = "sha256:63cc132e40a2e084cf01adf0775b15ac515ba905d7dcca47e9a251819c575ef3", size = 16744420, upload_time = "2024-09-20T19:02:00.678Z" },
    { url = "https://files.pythonhosted.org/packages/86/4a/03ed6b7ee323cf30404265c284cee9c65c56a212e0a08d9ee06984ba2240/pandas-2.2.3-cp311-cp311-musllinux_1_2_x86_64.whl", hash = "sha256:29401dbfa9ad77319367d36940cd8a0b3a11aba16063e39632d98b0e931ddf32", size = 14440457, upload_time = "2024-09-20T13:09:04.105Z" },
    { url = "https://files.pythonhosted.org/packages/ed/8c/87ddf1fcb55d11f9f847e3c69bb1c6f8e46e2f40ab1a2d2abadb2401b007/pandas-2.2.3-cp311-cp311-win_amd64.whl", hash = "sha256:3fc6873a41186404dad67245896a6e440baacc92f5b716ccd1bc9ed2995ab2c5", size = 11617166, upload_time = "2024-09-20T13:09:06.917Z" },
]

[[package]]
name = "pillow"
version = "12.0.0"
source = { registry = "https://pypi.org/simple" }
sdist = { url = "https://files.pythonhosted.org/packages/5a/b0/cace85a1b0c9775a9f8f5d5423c8261c858760e2466c79b2dd184638b056/pillow-12.0.0.tar.gz", hash = "sha256:87d4f8125c9988bfbed67af47dd7a953e2fc7b0cc1e7800ec6d2080d490bb353", size = 47008828, upload_time = "2025-10-15T18:24:14.008Z" }
wheels = [
    { url = "https://files.pythonhosted.org/packages/0e/5a/a2f6773b64edb921a756eb0729068acad9fc5208a53f4a349396e9436721/pillow-12.0.0-cp311-cp311-macosx_10_10_x86_64.whl", hash = "sha256:0fd00cac9c03256c8b2ff58f162ebcd2587ad3e1f2e397eab718c47e24d231cc", size = 5289798, upload_time = "2025-10-15T18:21:47.763Z" },
    { url = "https://files.pythonhosted.org/packages/2e/05/069b1f8a2e4b5a37493da6c5868531c3f77b85e716ad7a590ef87d58730d/pillow-12.0.0-cp311-cp311-macosx_11_0_arm64.whl", hash = "sha256:a3475b96f5908b3b16c47533daaa87380c491357d197564e0ba34ae75c0f3257", size = 4650589, upload_time = "2025-10-15T18:21:49.515Z" },
    { url = "https://files.pythonhosted.org/packages/61/e3/2c820d6e9a36432503ead175ae294f96861b07600a7156154a086ba7111a/pillow-12.0.0-cp311-cp311-manylinux2014_aarch64.manylinux_2_17_aarch64.whl", hash = "sha256:110486b79f2d112cf6add83b28b627e369219388f64ef2f960fef9ebaf54c642", size = 6230472, upload_time = "2025-10-15T18:21:51.052Z" },
    { url = "https://files.pythonhosted.org/packages/4f/89/63427f51c64209c5e23d4d52071c8d0f21024d3a8a487737caaf614a5795/pillow-12.0.0-cp311-cp311-manylinux2014_x86_64.manylinux_2_17_x86_64.whl", hash = "sha256:5269cc1caeedb67e6f7269a42014f381f45e2e7cd42d834ede3c703a1d915fe3", size = 8033887, upload_time = "2025-10-15T18:21:52.604Z" },
    { url = "https://files.pythonhosted.org/packages/f6/1b/c9711318d4901093c15840f268ad649459cd81984c9ec9887756cca049a5/pillow-12.0.0-cp311-cp311-manylinux_2_27_aarch64.manylinux_2_28_aarch64.whl", hash = "sha256:aa5129de4e174daccbc59d0a3b6d20eaf24417d59851c07ebb37aeb02947987c", size = 6343964, upload_time = "2025-10-15T18:21:54.619Z" },
    { url = "https://files.pythonhosted.org/packages/41/1e/db9470f2d030b4995083044cd8738cdd1bf773106819f6d8ba12597d5352/pillow-12.0.0-cp311-cp311-manylinux_2_27_x86_64.manylinux_2_28_x86_64.whl", hash = "sha256:bee2a6db3a7242ea309aa7ee8e2780726fed67ff4e5b40169f2c940e7eb09227", size = 7034756, upload_time = "2025-10-15T18:21:56.151Z" },
    { url = "https://files.pythonhosted.org/packages/cc/b0/6177a8bdd5ee4ed87cba2de5a3cc1db55ffbbec6176784ce5bb75aa96798/pillow-12.0.0-cp311-cp311-musllinux_1_2_aarch64.whl", hash = "sha256:90387104ee8400a7b4598253b4c406f8958f59fcf983a6cea2b50d59f7d63d0b", size = 6458075, upload_time = "2025-10-15T18:21:57.759Z" },
    { url = "https://files.pythonhosted.org/packages/bc/5e/61537aa6fa977922c6a03253a0e727e6e4a72381a80d63ad8eec350684f2/pillow-12.0.0-cp311-cp311-musllinux_1_2_x86_64.whl", hash = "sha256:bc91a56697869546d1b8f0a3ff35224557ae7f881050e99f615e0119bf934b4e", size = 7125955, upload_time = "2025-10-15T18:21:59.372Z" },
    { url = "https://files.pythonhosted.org/packages/1f/3d/d5033539344ee3cbd9a4d69e12e63ca3a44a739eb2d4c8da350a3d38edd7/pillow-12.0.0-cp311-cp311-win32.whl", hash = "sha256:27f95b12453d165099c84f8a8bfdfd46b9e4bda9e0e4b65f0635430027f55739", size = 6298440, upload_time = "2025-10-15T18:22:00.982Z" },
    { url = "https://files.pythonhosted.org/packages/4d/42/aaca386de5cc8bd8a0254516957c1f265e3521c91515b16e286c662854c4/pillow-12.0.0-cp311-cp311-win_amd64.whl", hash = "sha256:b583dc9070312190192631373c6c8ed277254aa6e6084b74bdd0a6d3b221608e", size = 6999256, upload_time = "2025-10-15T18:22:02.617Z" },
    { url = "https://files.pythonhosted.org/packages/ba/f1/9197c9c2d5708b785f631a6dfbfa8eb3fb9672837cb92ae9af812c13b4ed/pillow-12.0.0-cp311-cp311-win_arm64.whl", hash = "sha256:759de84a33be3b178a64c8ba28ad5c135900359e85fb662bc6e403ad4407791d", size = 2436025, upload_time = "2025-10-15T18:22:04.598Z" },
    { url = "https://files.pythonhosted.org/packages/1d/b3/582327e6c9f86d037b63beebe981425d6811104cb443e8193824ef1a2f27/pillow-12.0.0-pp311-pypy311_pp73-macosx_10_15_x86_64.whl", hash = "sha256:b22bd8c974942477156be55a768f7aa37c46904c175be4e158b6a86e3a6b7ca8", size = 5215068, upload_time = "2025-10-15T18:23:59.594Z" },
    { url = "https://files.pythonhosted.org/packages/fd/d6/67748211d119f3b6540baf90f92fae73ae51d5217b171b0e8b5f7e5d558f/pillow-12.0.0-pp311-pypy311_pp73-macosx_11_0_arm64.whl", hash = "sha256:805ebf596939e48dbb2e4922a1d3852cfc25c38160751ce02da93058b48d252a", size = 4614994, upload_time = "2025-10-15T18:24:01.669Z" },
    { url = "https://files.pythonhosted.org/packages/2d/e1/f8281e5d844c41872b273b9f2c34a4bf64ca08905668c8ae730eedc7c9fa/pillow-12.0.0-pp311-pypy311_pp73-manylinux2014_aarch64.manylinux_2_17_aarch64.whl", hash = "sha256:cae81479f77420d217def5f54b5b9d279804d17e982e0f2fa19b1d1e14ab5197", size = 5246639, upload_time = "2025-10-15T18:24:03.403Z" },
    { url = "https://files.pythonhosted.org/packages/94/5a/0d8ab8ffe8a102ff5df60d0de5af309015163bf710c7bb3e8311dd3b3ad0/pillow-12.0.0-pp311-pypy311_pp73-manylinux2014_x86_64.manylinux_2_17_x86_64.whl", hash = "sha256:aeaefa96c768fc66818730b952a862235d68825c178f1b3ffd4efd7ad2edcb7c", size = 6986839, upload_time = "2025-10-15T18:24:05.344Z" },
    { url = "https://files.pythonhosted.org/packages/20/2e/3434380e8110b76cd9eb00a363c484b050f949b4bbe84ba770bb8508a02c/pillow-12.0.0-pp311-pypy311_pp73-manylinux_2_27_aarch64.manylinux_2_28_aarch64.whl", hash = "sha256:09f2d0abef9e4e2f349305a4f8cc784a8a6c2f58a8c4892eea13b10a943bd26e", size = 5313505, upload_time = "2025-10-15T18:24:07.137Z" },
    { url = "https://files.pythonhosted.org/packages/57/ca/5a9d38900d9d74785141d6580950fe705de68af735ff6e727cb911b64740/pillow-12.0.0-pp311-pypy311_pp73-manylinux_2_27_x86_64.manylinux_2_28_x86_64.whl", hash = "sha256:bdee52571a343d721fb2eb3b090a82d959ff37fc631e3f70422e0c2e029f3e76", size = 5963654, upload_time = "2025-10-15T18:24:09.579Z" },
    { url = "https://files.pythonhosted.org/packages/95/7e/f896623c3c635a90537ac093c6a618ebe1a90d87206e42309cb5d98a1b9e/pillow-12.0.0-pp311-pypy311_pp73-win_amd64.whl", hash = "sha256:b290fd8aa38422444d4b50d579de197557f182ef1068b75f5aa8558638b8d0a5", size = 6997850, upload_time = "2025-10-15T18:24:11.495Z" },
]

[[package]]
name = "pydantic"
version = "2.12.4"
source = { registry = "https://pypi.org/simple" }
dependencies = [
    { name = "annotated-types" },
    { name = "pydantic-core" },
    { name = "typing-extensions" },
    { name = "typing-inspection" },
]
sdist = { url = "https://files.pythonhosted.org/packages/96/ad/a17bc283d7d81837c061c49e3eaa27a45991759a1b7eae1031921c6bd924/pydantic-2.12.4.tar.gz", hash = "sha256:0f8cb9555000a4b5b617f66bfd2566264c4984b27589d3b845685983e8ea85ac", size = 821038, upload_time = "2025-11-05T10:50:08.59Z" }
wheels = [
    { url = "https://files.pythonhosted.org/packages/82/2f/e68750da9b04856e2a7ec56fc6f034a5a79775e9b9a81882252789873798/pydantic-2.12.4-py3-none-any.whl", hash = "sha256:92d3d202a745d46f9be6df459ac5a064fdaa3c1c4cd8adcfa332ccf3c05f871e", size = 463400, upload_time = "2025-11-05T10:50:06.732Z" },
]

[[package]]
name = "pydantic-core"
version = "2.41.5"
source = { registry = "https://pypi.org/simple" }
dependencies = [
    { name = "typing-extensions" },
]
sdist = { url = "https://files.pythonhosted.org/packages/71/70/23b021c950c2addd24ec408e9ab05d59b035b39d97cdc1130e1bce647bb6/pydantic_core-2.41.5.tar.gz", hash = "sha256:08daa51ea16ad373ffd5e7606252cc32f07bc72b28284b6bc9c6df804816476e", size = 460952, upload_time = "2025-11-04T13:43:49.098Z" }
wheels = [
    { url = "https://files.pythonhosted.org/packages/e8/72/74a989dd9f2084b3d9530b0915fdda64ac48831c30dbf7c72a41a5232db8/pydantic_core-2.41.5-cp311-cp311-macosx_10_12_x86_64.whl", hash = "sha256:a3a52f6156e73e7ccb0f8cced536adccb7042be67cb45f9562e12b319c119da6", size = 2105873, upload_time = "2025-11-04T13:39:31.373Z" },
    { url = "https://files.pythonhosted.org/packages/12/44/37e403fd9455708b3b942949e1d7febc02167662bf1a7da5b78ee1ea2842/pydantic_core-2.41.5-cp311-cp311-macosx_11_0_arm64.whl", hash = "sha256:7f3bf998340c6d4b0c9a2f02d6a400e51f123b59565d74dc60d252ce888c260b", size = 1899826, upload_time = "2025-11-04T13:39:32.897Z" },
    { url = "https://files.pythonhosted.org/packages/33/7f/1d5cab3ccf44c1935a359d51a8a2a9e1a654b744b5e7f80d41b88d501eec/pydantic_core-2.41.5-cp311-cp311-manylinux_2_17_aarch64.manylinux2014_aarch64.whl", hash = "sha256:378bec5c66998815d224c9ca994f1e14c0c21cb95d2f52b6021cc0b2a58f2a5a", size = 1917869, upload_time = "2025-11-04T13:39:34.469Z" },
    { url = "https://files.pythonhosted.org/packages/6e/6a/30d94a9674a7fe4f4744052ed6c5e083424510be1e93da5bc47569d11810/pydantic_core-2.41.5-cp311-cp311-manylinux_2_17_armv7l.manylinux2014_armv7l.whl", hash = "sha256:e7b576130c69225432866fe2f4a469a85a54ade141d96fd396dffcf607b558f8", size = 2063890, upload_time = "2025-11-04T13:39:36.053Z" },
    { url = "https://files.pythonhosted.org/packages/50/be/76e5d46203fcb2750e542f32e6c371ffa9b8ad17364cf94bb0818dbfb50c/pydantic_core-2.41.5-cp311-cp311-manylinux_2_17_ppc64le.manylinux2014_ppc64le.whl", hash = "sha256:6cb58b9c66f7e4179a2d5e0f849c48eff5c1fca560994d6eb6543abf955a149e", size = 2229740, upload_time = "2025-11-04T13:39:37.753Z" },
    { url = "https://files.pythonhosted.org/packages/d3/ee/fed784df0144793489f87db310a6bbf8118d7b630ed07aa180d6067e653a/pydantic_core-2.41.5-cp311-cp311-manylinux_2_17_s390x.manylinux2014_s390x.whl", hash = "sha256:88942d3a3dff3afc8288c21e565e476fc278902ae4d6d134f1eeda118cc830b1", size = 2350021, upload_time = "2025-11-04T13:39:40.94Z" },
    { url = "https://files.pythonhosted.org/packages/c8/be/8fed28dd0a180dca19e72c233cbf58efa36df055e5b9d90d64fd1740b828/pydantic_core-2.41.5-cp311-cp311-manylinux_2_17_x86_64.manylinux2014_x86_64.whl", hash = "sha256:f31d95a179f8d64d90f6831d71fa93290893a33148d890ba15de25642c5d075b", size = 2066378, upload_time = "2025-11-04T13:39:42.523Z" },
    { url = "https://files.pythonhosted.org/packages/b0/3b/698cf8ae1d536a010e05121b4958b1257f0b5522085e335360e53a6b1c8b/pydantic_core-2.41.5-cp311-cp311-manylinux_2_5_i686.manylinux1_i686.whl", hash = "sha256:c1df3d34aced70add6f867a8cf413e299177e0c22660cc767218373d0779487b", size = 2175761, upload_time = "2025-11-04T13:39:44.553Z" },
    { url = "https://files.pythonhosted.org/packages/b8/ba/15d537423939553116dea94ce02f9c31be0fa9d0b806d427e0308ec17145/pydantic_core-2.41.5-cp311-cp311-musllinux_1_1_aarch64.whl", hash = "sha256:4009935984bd36bd2c774e13f9a09563ce8de4abaa7226f5108262fa3e637284", size = 2146303, upload_time = "2025-11-04T13:39:46.238Z" },
    { url = "https://files.pythonhosted.org/packages/58/7f/0de669bf37d206723795f9c90c82966726a2ab06c336deba4735b55af431/pydantic_core-2.41.5-cp311-cp311-musllinux_1_1_armv7l.whl", hash = "sha256:34a64bc3441dc1213096a20fe27e8e128bd3ff89921706e83c0b1ac971276594", size = 2340355, upload_time = "2025-11-04T13:39:48.002Z" },
    { url = "https://files.pythonhosted.org/packages/e5/de/e7482c435b83d7e3c3ee5ee4451f6e8973cff0eb6007d2872ce6383f6398/pydantic_core-2.41.5-cp311-cp311-musllinux_1_1_x86_64.whl", hash = "sha256:c9e19dd6e28fdcaa5a1de679aec4141f691023916427ef9bae8584f9c2fb3b0e", size = 2319875, upload_time = "2025-11-04T13:39:49.705Z" },
    { url = "https://files.pythonhosted.org/packages/fe/e6/8c9e81bb6dd7560e33b9053351c29f30c8194b72f2d6932888581f503482/pydantic_core-2.41.5-cp311-cp311-win32.whl", hash = "sha256:2c010c6ded393148374c0f6f0bf89d206bf3217f201faa0635dcd56bd1520f6b", size = 1987549, upload_time = "2025-11-04T13:39:51.842Z" },
    { url = "https://files.pythonhosted.org/packages/11/66/f14d1d978ea94d1bc21fc98fcf570f9542fe55bfcc40269d4e1a21c19bf7/pydantic_core-2.41.5-cp311-cp311-win_amd64.whl", hash = "sha256:76ee27c6e9c7f16f47db7a94157112a2f3a00e958bc626e2f4ee8bec5c328fbe", size = 2011305, upload_time = "2025-11-04T13:39:53.485Z" },
    { url = "https://files.pythonhosted.org/packages/56/d8/0e271434e8efd03186c5386671328154ee349ff0354d83c74f5caaf096ed/pydantic_core-2.41.5-cp311-cp311-win_arm64.whl", hash = "sha256:4bc36bbc0b7584de96561184ad7f012478987882ebf9f9c389b23f432ea3d90f", size = 1972902, upload_time = "2025-11-04T13:39:56.488Z" },
    { url = "https://files.pythonhosted.org/packages/11/72/90fda5ee3b97e51c494938a4a44c3a35a9c96c19bba12372fb9c634d6f57/pydantic_core-2.41.5-graalpy311-graalpy242_311_native-macosx_10_12_x86_64.whl", hash = "sha256:b96d5f26b05d03cc60f11a7761a5ded1741da411e7fe0909e27a5e6a0cb7b034", size = 2115441, upload_time = "2025-11-04T13:42:39.557Z" },
    { url = "https://files.pythonhosted.org/packages/1f/53/8942f884fa33f50794f119012dc6a1a02ac43a56407adaac20463df8e98f/pydantic_core-2.41.5-graalpy311-graalpy242_311_native-macosx_11_0_arm64.whl", hash = "sha256:634e8609e89ceecea15e2d61bc9ac3718caaaa71963717bf3c8f38bfde64242c", size = 1930291, upload_time = "2025-11-04T13:42:42.169Z" },
    { url = "https://files.pythonhosted.org/packages/79/c8/ecb9ed9cd942bce09fc888ee960b52654fbdbede4ba6c2d6e0d3b1d8b49c/pydantic_core-2.41.5-graalpy311-graalpy242_311_native-manylinux_2_17_aarch64.manylinux2014_aarch64.whl", hash = "sha256:93e8740d7503eb008aa2df04d3b9735f845d43ae845e6dcd2be0b55a2da43cd2", size = 1948632, upload_time = "2025-11-04T13:42:44.564Z" },
    { url = "https://files.pythonhosted.org/packages/2e/1b/687711069de7efa6af934e74f601e2a4307365e8fdc404703afc453eab26/pydantic_core-2.41.5-graalpy311-graalpy242_311_native-manylinux_2_17_x86_64.manylinux2014_x86_64.whl", hash = "sha256:f15489ba13d61f670dcc96772e733aad1a6f9c429cc27574c6cdaed82d0146ad", size = 2138905, upload_time = "2025-11-04T13:42:47.156Z" },
    { url = "https://files.pythonhosted.org/packages/5f/9b/1b3f0e9f9305839d7e84912f9e8bfbd191ed1b1ef48083609f0dabde978c/pydantic_core-2.41.5-pp311-pypy311_pp73-macosx_10_12_x86_64.whl", hash = "sha256:b2379fa7ed44ddecb5bfe4e48577d752db9fc10be00a6b7446e9663ba143de26", size = 2101980, upload_time = "2025-11-04T13:43:25.97Z" },
    { url = "https://files.pythonhosted.org/packages/a4/ed/d71fefcb4263df0da6a85b5d8a7508360f2f2e9b3bf5814be9c8bccdccc1/pydantic_core-2.41.5-pp311-pypy311_pp73-macosx_11_0_arm64.whl", hash = "sha256:266fb4cbf5e3cbd0b53669a6d1b039c45e3ce651fd5442eff4d07c2cc8d66808", size = 1923865, upload_time = "2025-11-04T13:43:28.763Z" },
    { url = "https://files.pythonhosted.org/packages/ce/3a/626b38db460d675f873e4444b4bb030453bbe7b4ba55df821d026a0493c4/pydantic_core-2.41.5-pp311-pypy311_pp73-manylinux_2_17_x86_64.manylinux2014_x86_64.whl", hash = "sha256:58133647260ea01e4d0500089a8c4f07bd7aa6ce109682b1426394988d8aaacc", size = 2134256, upload_time = "2025-11-04T13:43:31.71Z" },
    { url = "https://files.pythonhosted.org/packages/83/d9/8412d7f06f616bbc053d30cb4e5f76786af3221462ad5eee1f202021eb4e/pydantic_core-2.41.5-pp311-pypy311_pp73-manylinux_2_5_i686.manylinux1_i686.whl", hash = "sha256:287dad91cfb551c363dc62899a80e9e14da1f0e2b6ebde82c806612ca2a13ef1", size = 2174762, upload_time = "2025-11-04T13:43:34.744Z" },
    { url = "https://files.pythonhosted.org/packages/55/4c/162d906b8e3ba3a99354e20faa1b49a85206c47de97a639510a0e673f5da/pydantic_core-2.41.5-pp311-pypy311_pp73-musllinux_1_1_aarch64.whl", hash = "sha256:03b77d184b9eb40240ae9fd676ca364ce1085f203e1b1256f8ab9984dca80a84", size = 2143141, upload_time = "2025-11-04T13:43:37.701Z" },
    { url = "https://files.pythonhosted.org/packages/1f/f2/f11dd73284122713f5f89fc940f370d035fa8e1e078d446b3313955157fe/pydantic_core-2.41.5-pp311-pypy311_pp73-musllinux_1_1_armv7l.whl", hash = "sha256:a668ce24de96165bb239160b3d854943128f4334822900534f2fe947930e5770", size = 2330317, upload_time = "2025-11-04T13:43:40.406Z" },
    { url = "https://files.pythonhosted.org/packages/88/9d/b06ca6acfe4abb296110fb1273a4d848a0bfb2ff65f3ee92127b3244e16b/pydantic_core-2.41.5-pp311-pypy311_pp73-musllinux_1_1_x86_64.whl", hash = "sha256:f14f8f046c14563f8eb3f45f499cc658ab8d10072961e07225e507adb700e93f", size = 2316992, upload_time = "2025-11-04T13:43:43.602Z" },
    { url = "https://files.pythonhosted.org/packages/36/c7/cfc8e811f061c841d7990b0201912c3556bfeb99cdcb7ed24adc8d6f8704/pydantic_core-2.41.5-pp311-pypy311_pp73-win_amd64.whl", hash = "sha256:56121965f7a4dc965bff783d70b907ddf3d57f6eba29b6d2e5dabfaf07799c51", size = 2145302, upload_time = "2025-11-04T13:43:46.64Z" },
]

[[package]]
name = "python-dateutil"
version = "2.9.0.post0"
source = { registry = "https://pypi.org/simple" }
dependencies = [
    { name = "six" },
]
sdist = { url = "https://files.pythonhosted.org/packages/66/c0/0c8b6ad9f17a802ee498c46e004a0eb49bc148f2fd230864601a86dcf6db/python-dateutil-2.9.0.post0.tar.gz", hash = "sha256:37dd54208da7e1cd875388217d5e00ebd4179249f90fb72437e91a35459a0ad3", size = 342432, upload_time = "2024-03-01T18:36:20.211Z" }
wheels = [
    { url = "https://files.pythonhosted.org/packages/ec/57/56b9bcc3c9c6a792fcbaf139543cee77261f3651ca9da0c93f5c1221264b/python_dateutil-2.9.0.post0-py2.py3-none-any.whl", hash = "sha256:a8b2bc7bffae282281c8140a97d3aa9c14da0b136dfe83f850eea9a5f7470427", size = 229892, upload_time = "2024-03-01T18:36:18.57Z" },
]

[[package]]
name = "pytz"
version = "2025.2"
source = { registry = "https://pypi.org/simple" }
sdist = { url = "https://files.pythonhosted.org/packages/f8/bf/abbd3cdfb8fbc7fb3d4d38d320f2441b1e7cbe29be4f23797b4a2b5d8aac/pytz-2025.2.tar.gz", hash = "sha256:360b9e3dbb49a209c21ad61809c7fb453643e048b38924c765813546746e81c3", size = 320884, upload_time = "2025-03-25T02:25:00.538Z" }
wheels = [
    { url = "https://files.pythonhosted.org/packages/81/c4/34e93fe5f5429d7570ec1fa436f1986fb1f00c3e0f43a589fe2bbcd22c3f/pytz-2025.2-py2.py3-none-any.whl", hash = "sha256:5ddf76296dd8c44c26eb8f4b6f35488f3ccbf6fbbd7adee0b7262d43f0ec2f00", size = 509225, upload_time = "2025-03-25T02:24:58.468Z" },
]

[[package]]
name = "rdkit"
version = "2025.9.1"
source = { registry = "https://pypi.org/simple" }
dependencies = [
    { name = "numpy" },
    { name = "pillow" },
]
wheels = [
    { url = "https://files.pythonhosted.org/packages/36/bf/cd7258a752b21b4c1051b7c0acd6fb2eb7787ebcaa35598843edd6dc9ade/rdkit-2025.9.1-cp311-cp311-macosx_10_15_x86_64.whl", hash = "sha256:00f7c5b3b095843f0f09df61c4e56c7f1468d4943919fa13d4b6155b790e6880", size = 31691070, upload_time = "2025-10-06T09:04:25.405Z" },
    { url = "https://files.pythonhosted.org/packages/99/57/97a248b83abf6f0d8ff659987d1209e84b18927f9c5c8692c21ed00c3ba1/rdkit-2025.9.1-cp311-cp311-macosx_11_0_arm64.whl", hash = "sha256:41246621a072c107855a09cb7bb25bf4480a86223ab7f9121f2a08636ddd8c7a", size = 29138690, upload_time = "2025-10-06T09:04:29.072Z" },
    { url = "https://files.pythonhosted.org/packages/12/d0/ddd5f09917cfbcdfdb87fd40870d38b93ef8ef159489c88da2bcaec36a8d/rdkit-2025.9.1-cp311-cp311-manylinux_2_28_aarch64.whl", hash = "sha256:9fa4b8c77c5a3107484130c089a3626eb61d078d23e5ebca87a7a84e238f4063", size = 34760030, upload_time = "2025-10-06T09:04:32.914Z" },
    { url = "https://files.pythonhosted.org/packages/ba/7f/7dc9cd00a6820c82c7c06328c8d73fd131a73ed12a499064db7a0a8cbff3/rdkit-2025.9.1-cp311-cp311-manylinux_2_28_x86_64.whl", hash = "sha256:fefdb04534f4875aacf6a9a54a8f77ba482c55289f9de5fb8b8f66dccfdc2b05", size = 36226948, upload_time = "2025-10-06T09:04:37.093Z" },
    { url = "https://files.pythonhosted.org/packages/8b/b5/122cf75a4ab4abe430db157b72b42e483d815ee2c7b214ecfa0de8680156/rdkit-2025.9.1-cp311-cp311-win_amd64.whl", hash = "sha256:22dbecbeca83eee100417b3289dceb23974598f01a047284c196f863ee2b9d75", size = 23563087, upload_time = "2025-10-06T09:04:40.412Z" },
]

[[package]]
name = "scikit-learn"
version = "1.2.2"
source = { registry = "https://pypi.org/simple" }
dependencies = [
    { name = "joblib" },
    { name = "numpy" },
    { name = "scipy" },
    { name = "threadpoolctl" },
]
sdist = { url = "https://files.pythonhosted.org/packages/c9/fa/8e158d81e3602da1e7bafbd4987938bc003fe4b0f44d65681e7f8face95a/scikit-learn-1.2.2.tar.gz", hash = "sha256:8429aea30ec24e7a8c7ed8a3fa6213adf3814a6efbea09e16e0a0c71e1a1a3d7", size = 7269934, upload_time = "2023-03-09T09:57:57.31Z" }
wheels = [
    { url = "https://files.pythonhosted.org/packages/27/4a/1afe473760b07663710a75437b795ef37362aebb8bf513ff3bbf78fbd0c6/scikit_learn-1.2.2-cp311-cp311-macosx_10_9_x86_64.whl", hash = "sha256:dfeaf8be72117eb61a164ea6fc8afb6dfe08c6f90365bde2dc16456e4bc8e45f", size = 9024742, upload_time = "2023-03-09T09:57:22.275Z" },
    { url = "https://files.pythonhosted.org/packages/2f/fd/9fcbe7fe94150e72d87120cbc462bde1971c3674e726b81f4a4c4fdfa8e1/scikit_learn-1.2.2-cp311-cp311-macosx_12_0_arm64.whl", hash = "sha256:fe0aa1a7029ed3e1dcbf4a5bc675aa3b1bc468d9012ecf6c6f081251ca47f590", size = 8375105, upload_time = "2023-03-09T09:57:25.23Z" },
    { url = "https://files.pythonhosted.org/packages/d7/8a/301594a8bb1cfeeb95dd86aa7dfedd31e93211940105429abddf0933cfff/scikit_learn-1.2.2-cp311-cp311-manylinux_2_17_aarch64.manylinux2014_aarch64.whl", hash = "sha256:065e9673e24e0dc5113e2dd2b4ca30c9d8aa2fa90f4c0597241c93b63130d233", size = 9150797, upload_time = "2023-03-09T09:57:27.291Z" },
    { url = "https://files.pythonhosted.org/packages/4c/64/a1e6e92b850b39200c82e3bc54d556b2c634b3904c39ac5cdb10b1c5765f/scikit_learn-1.2.2-cp311-cp311-manylinux_2_17_x86_64.manylinux2014_x86_64.whl", hash = "sha256:bf036ea7ef66115e0d49655f16febfa547886deba20149555a41d28f56fd6d3c", size = 9562879, upload_time = "2023-03-09T09:57:30.038Z" },
    { url = "https://files.pythonhosted.org/packages/db/98/169b46a84b48f92df2b5e163fce75d471f4df933f8b3d925a61133210776/scikit_learn-1.2.2-cp311-cp311-win_amd64.whl", hash = "sha256:8b0670d4224a3c2d596fd572fb4fa673b2a0ccfb07152688ebd2ea0b8c61025c", size = 8261146, upload_time = "2023-03-09T09:57:32.138Z" },
]

[[package]]
name = "scipy"
version = "1.16.3"
source = { registry = "https://pypi.org/simple" }
dependencies = [
    { name = "numpy" },
]
sdist = { url = "https://files.pythonhosted.org/packages/0a/ca/d8ace4f98322d01abcd52d381134344bf7b431eba7ed8b42bdea5a3c2ac9/scipy-1.16.3.tar.gz", hash = "sha256:01e87659402762f43bd2fee13370553a17ada367d42e7487800bf2916535aecb", size = 30597883, upload_time = "2025-10-28T17:38:54.068Z" }
wheels = [
    { url = "https://files.pythonhosted.org/packages/9b/5f/6f37d7439de1455ce9c5a556b8d1db0979f03a796c030bafdf08d35b7bf9/scipy-1.16.3-cp311-cp311-macosx_10_14_x86_64.whl", hash = "sha256:40be6cf99e68b6c4321e9f8782e7d5ff8265af28ef2cd56e9c9b2638fa08ad97", size = 36630881, upload_time = "2025-10-28T17:31:47.104Z" },
    { url = "https://files.pythonhosted.org/packages/7c/89/d70e9f628749b7e4db2aa4cd89735502ff3f08f7b9b27d2e799485987cd9/scipy-1.16.3-cp311-cp311-macosx_12_0_arm64.whl", hash = "sha256:8be1ca9170fcb6223cc7c27f4305d680ded114a1567c0bd2bfcbf947d1b17511", size = 28941012, upload_time = "2025-10-28T17:31:53.411Z" },
    { url = "https://files.pythonhosted.org/packages/a8/a8/0e7a9a6872a923505dbdf6bb93451edcac120363131c19013044a1e7cb0c/scipy-1.16.3-cp311-cp311-macosx_14_0_arm64.whl", hash = "sha256:bea0a62734d20d67608660f69dcda23e7f90fb4ca20974ab80b6ed40df87a005", size = 20931935, upload_time = "2025-10-28T17:31:57.361Z" },
    { url = "https://files.pythonhosted.org/packages/bd/c7/020fb72bd79ad798e4dbe53938543ecb96b3a9ac3fe274b7189e23e27353/scipy-1.16.3-cp311-cp311-macosx_14_0_x86_64.whl", hash = "sha256:2a207a6ce9c24f1951241f4693ede2d393f59c07abc159b2cb2be980820e01fb", size = 23534466, upload_time = "2025-10-28T17:32:01.875Z" },
    { url = "https://files.pythonhosted.org/packages/be/a0/668c4609ce6dbf2f948e167836ccaf897f95fb63fa231c87da7558a374cd/scipy-1.16.3-cp311-cp311-manylinux2014_aarch64.manylinux_2_17_aarch64.whl", hash = "sha256:532fb5ad6a87e9e9cd9c959b106b73145a03f04c7d57ea3e6f6bb60b86ab0876", size = 33593618, upload_time = "2025-10-28T17:32:06.902Z" },
    { url = "https://files.pythonhosted.org/packages/ca/6e/8942461cf2636cdae083e3eb72622a7fbbfa5cf559c7d13ab250a5dbdc01/scipy-1.16.3-cp311-cp311-manylinux2014_x86_64.manylinux_2_17_x86_64.whl", hash = "sha256:0151a0749efeaaab78711c78422d413c583b8cdd2011a3c1d6c794938ee9fdb2", size = 35899798, upload_time = "2025-10-28T17:32:12.665Z" },
    { url = "https://files.pythonhosted.org/packages/79/e8/d0f33590364cdbd67f28ce79368b373889faa4ee959588beddf6daef9abe/scipy-1.16.3-cp311-cp311-musllinux_1_2_aarch64.whl", hash = "sha256:b7180967113560cca57418a7bc719e30366b47959dd845a93206fbed693c867e", size = 36226154, upload_time = "2025-10-28T17:32:17.961Z" },
    { url = "https://files.pythonhosted.org/packages/39/c1/1903de608c0c924a1749c590064e65810f8046e437aba6be365abc4f7557/scipy-1.16.3-cp311-cp311-musllinux_1_2_x86_64.whl", hash = "sha256:deb3841c925eeddb6afc1e4e4a45e418d19ec7b87c5df177695224078e8ec733", size = 38878540, upload_time = "2025-10-28T17:32:23.907Z" },
    { url = "https://files.pythonhosted.org/packages/f1/d0/22ec7036ba0b0a35bccb7f25ab407382ed34af0b111475eb301c16f8a2e5/scipy-1.16.3-cp311-cp311-win_amd64.whl", hash = "sha256:53c3844d527213631e886621df5695d35e4f6a75f620dca412bcd292f6b87d78", size = 38722107, upload_time = "2025-10-28T17:32:29.921Z" },
    { url = "https://files.pythonhosted.org/packages/7b/60/8a00e5a524bb3bf8898db1650d350f50e6cffb9d7a491c561dc9826c7515/scipy-1.16.3-cp311-cp311-win_arm64.whl", hash = "sha256:9452781bd879b14b6f055b26643703551320aa8d79ae064a71df55c00286a184", size = 25506272, upload_time = "2025-10-28T17:32:34.577Z" },
]

[[package]]
name = "six"
version = "1.17.0"
source = { registry = "https://pypi.org/simple" }
sdist = { url = "https://files.pythonhosted.org/packages/94/e7/b2c673351809dca68a0e064b6af791aa332cf192da575fd474ed7d6f16a2/six-1.17.0.tar.gz", hash = "sha256:ff70335d468e7eb6ec65b95b99d3a2836546063f63acc5171de367e834932a81", size = 34031, upload_time = "2024-12-04T17:35:28.174Z" }
wheels = [
    { url = "https://files.pythonhosted.org/packages/b7/ce/149a00dd41f10bc29e5921b496af8b574d8413afcd5e30dfa0ed46c2cc5e/six-1.17.0-py2.py3-none-any.whl", hash = "sha256:4721f391ed90541fddacab5acf947aa0d3dc7d27b2e1e8eda2be8970586c3274", size = 11050, upload_time = "2024-12-04T17:35:26.475Z" },
]

[[package]]
name = "sniffio"
version = "1.3.1"
source = { registry = "https://pypi.org/simple" }
sdist = { url = "https://files.pythonhosted.org/packages/a2/87/a6771e1546d97e7e041b6ae58d80074f81b7d5121207425c964ddf5cfdbd/sniffio-1.3.1.tar.gz", hash = "sha256:f4324edc670a0f49750a81b895f35c3adb843cca46f0530f79fc1babb23789dc", size = 20372, upload_time = "2024-02-25T23:20:04.057Z" }
wheels = [
    { url = "https://files.pythonhosted.org/packages/e9/44/75a9c9421471a6c4805dbf2356f7c181a29c1879239abab1ea2cc8f38b40/sniffio-1.3.1-py3-none-any.whl", hash = "sha256:2f6da418d1f1e0fddd844478f41680e794e6051915791a034ff65e5f100525a2", size = 10235, upload_time = "2024-02-25T23:20:01.196Z" },
]

[[package]]
name = "starlette"
version = "0.49.3"
source = { registry = "https://pypi.org/simple" }
dependencies = [
    { name = "anyio" },
    { name = "typing-extensions" },
]
sdist = { url = "https://files.pythonhosted.org/packages/de/1a/608df0b10b53b0beb96a37854ee05864d182ddd4b1156a22f1ad3860425a/starlette-0.49.3.tar.gz", hash = "sha256:1c14546f299b5901a1ea0e34410575bc33bbd741377a10484a54445588d00284", size = 2655031, upload_time = "2025-11-01T15:12:26.13Z" }
wheels = [
    { url = "https://files.pythonhosted.org/packages/a3/e0/021c772d6a662f43b63044ab481dc6ac7592447605b5b35a957785363122/starlette-0.49.3-py3-none-any.whl", hash = "sha256:b579b99715fdc2980cf88c8ec96d3bf1ce16f5a8051a7c2b84ef9b1cdecaea2f", size = 74340, upload_time = "2025-11-01T15:12:24.387Z" },
]

[[package]]
name = "threadpoolctl"
version = "3.6.0"
source = { registry = "https://pypi.org/simple" }
sdist = { url = "https://files.pythonhosted.org/packages/b7/4d/08c89e34946fce2aec4fbb45c9016efd5f4d7f24af8e5d93296e935631d8/threadpoolctl-3.6.0.tar.gz", hash = "sha256:8ab8b4aa3491d812b623328249fab5302a68d2d71745c8a4c719a2fcaba9f44e", size = 21274, upload_time = "2025-03-13T13:49:23.031Z" }
wheels = [
    { url = "https://files.pythonhosted.org/packages/32/d5/f9a850d79b0851d1d4ef6456097579a9005b31fea68726a4ae5f2d82ddd9/threadpoolctl-3.6.0-py3-none-any.whl", hash = "sha256:43a0b8fd5a2928500110039e43a5eed8480b918967083ea48dc3ab9f13c4a7fb", size = 18638, upload_time = "2025-03-13T13:49:21.846Z" },
]

[[package]]
name = "typing-extensions"
version = "4.15.0"
source = { registry = "https://pypi.org/simple" }
sdist = { url = "https://files.pythonhosted.org/packages/72/94/1a15dd82efb362ac84269196e94cf00f187f7ed21c242792a923cdb1c61f/typing_extensions-4.15.0.tar.gz", hash = "sha256:0cea48d173cc12fa28ecabc3b837ea3cf6f38c6d1136f85cbaaf598984861466", size = 109391, upload_time = "2025-08-25T13:49:26.313Z" }
wheels = [
    { url = "https://files.pythonhosted.org/packages/18/67/36e9267722cc04a6b9f15c7f3441c2363321a3ea07da7ae0c0707beb2a9c/typing_extensions-4.15.0-py3-none-any.whl", hash = "sha256:f0fa19c6845758ab08074a0cfa8b7aecb71c999ca73d62883bc25cc018c4e548", size = 44614, upload_time = "2025-08-25T13:49:24.86Z" },
]

[[package]]
name = "typing-inspection"
version = "0.4.2"
source = { registry = "https://pypi.org/simple" }
dependencies = [
    { name = "typing-extensions" },
]
sdist = { url = "https://files.pythonhosted.org/packages/55/e3/70399cb7dd41c10ac53367ae42139cf4b1ca5f36bb3dc6c9d33acdb43655/typing_inspection-0.4.2.tar.gz", hash = "sha256:ba561c48a67c5958007083d386c3295464928b01faa735ab8547c5692e87f464", size = 75949, upload_time = "2025-10-01T02:14:41.687Z" }
wheels = [
    { url = "https://files.pythonhosted.org/packages/dc/9b/47798a6c91d8bdb567fe2698fe81e0c6b7cb7ef4d13da4114b41d239f65d/typing_inspection-0.4.2-py3-none-any.whl", hash = "sha256:4ed1cacbdc298c220f1bd249ed5287caa16f34d44ef4e9c3d0cbad5b521545e7", size = 14611, upload_time = "2025-10-01T02:14:40.154Z" },
]

[[package]]
name = "tzdata"
version = "2025.2"
source = { registry = "https://pypi.org/simple" }
sdist = { url = "https://files.pythonhosted.org/packages/95/32/1a225d6164441be760d75c2c42e2780dc0873fe382da3e98a2e1e48361e5/tzdata-2025.2.tar.gz", hash = "sha256:b60a638fcc0daffadf82fe0f57e53d06bdec2f36c4df66280ae79bce6bd6f2b9", size = 196380, upload_time = "2025-03-23T13:54:43.652Z" }
wheels = [
    { url = "https://files.pythonhosted.org/packages/5c/23/c7abc0ca0a1526a0774eca151daeb8de62ec457e77262b66b359c3c7679e/tzdata-2025.2-py2.py3-none-any.whl", hash = "sha256:1a403fada01ff9221ca8044d701868fa132215d84beb92242d9acd2147f667a8", size = 347839, upload_time = "2025-03-23T13:54:41.845Z" },
]

[[package]]
name = "uvicorn"
version = "0.38.0"
source = { registry = "https://pypi.org/simple" }
dependencies = [
    { name = "click" },
    { name = "h11" },
]
sdist = { url = "https://files.pythonhosted.org/packages/cb/ce/f06b84e2697fef4688ca63bdb2fdf113ca0a3be33f94488f2cadb690b0cf/uvicorn-0.38.0.tar.gz", hash = "sha256:fd97093bdd120a2609fc0d3afe931d4d4ad688b6e75f0f929fde1bc36fe0e91d", size = 80605, upload_time = "2025-10-18T13:46:44.63Z" }
wheels = [
    { url = "https://files.pythonhosted.org/packages/ee/d9/d88e73ca598f4f6ff671fb5fde8a32925c2e08a637303a1d12883c7305fa/uvicorn-0.38.0-py3-none-any.whl", hash = "sha256:48c0afd214ceb59340075b4a052ea1ee91c16fbc2a9b1469cca0e54566977b02", size = 68109, upload_time = "2025-10-18T13:46:42.958Z" },
]

[[package]]
name = "xgboost"
version = "2.0.3"
source = { registry = "https://pypi.org/simple" }
dependencies = [
    { name = "numpy" },
    { name = "scipy" },
]
sdist = { url = "https://files.pythonhosted.org/packages/53/4a/316018e4d5d47f2a671d89e2ee5a8b6686689e7576258929b222b07aa097/xgboost-2.0.3.tar.gz", hash = "sha256:505955b5d770f8217a049beecce79e04a93787371c06dfb4b2414fec9d496bf3", size = 1048322, upload_time = "2023-12-19T22:01:10.965Z" }
wheels = [
    { url = "https://files.pythonhosted.org/packages/45/6d/8c1d2570a52db6263d855c3ee3daf8f4bdf4a365cd6610772d6fce5fd904/xgboost-2.0.3-py3-none-macosx_10_15_x86_64.macosx_11_0_x86_64.macosx_12_0_x86_64.whl", hash = "sha256:b21b2bb188b162c615fce468db93e3f995f3690e6184aadc7743b58466dc7f13", size = 2189605, upload_time = "2023-12-19T21:59:17.35Z" },
    { url = "https://files.pythonhosted.org/packages/03/e6/4aef6799badc2693548559bad5b56d56cfe89eada337c815fdfe92175250/xgboost-2.0.3-py3-none-macosx_12_0_arm64.whl", hash = "sha256:722d5b9351dfdf61973490dfd28abd42844db1cc469d07ed9b0cde9d1ffcdb32", size = 1949100, upload_time = "2023-12-19T21:59:20.193Z" },
    { url = "https://files.pythonhosted.org/packages/89/92/7028e320f3099ccf74f3058ec61978bc059137ac27cec432f6261bae2990/xgboost-2.0.3-py3-none-manylinux2014_aarch64.whl", hash = "sha256:2315a57b1883221e2f78dd514559aa9797e6c272d995d22e45495a04adac93cc", size = 3935229, upload_time = "2023-12-19T21:59:22.017Z" },
    { url = "https://files.pythonhosted.org/packages/c3/eb/496aa2f5d356af4185f770bc76055307f8d1870e11016b10fd779b21769c/xgboost-2.0.3-py3-none-manylinux2014_x86_64.whl", hash = "sha256:30bd5f789fad467fd49e04e5d19e04238b931682c3951a514da5c2410b3bf59c", size = 297094586, upload_time = "2023-12-19T21:59:30.817Z" },
    { url = "https://files.pythonhosted.org/packages/24/ec/ad387100fa3cc2b9b81af0829b5ecfe75ec5bb19dd7c19d4fea06fb81802/xgboost-2.0.3-py3-none-win_amd64.whl", hash = "sha256:462f131d7bfb1bc42f67c57fa5aa3e57d2b5755b1573a6e0d2c7e8895164e0fc", size = 99750005, upload_time = "2023-12-19T22:03:10.489Z" },
]
